
Microsoft Visual Studio Solution File, Format Version 12.00
# Visual Studio Version 16
VisualStudioVersion = 16.0.31129.286
MinimumVisualStudioVersion = 10.0.40219.1
Project("{FAE04EC0-301F-11D3-BF4B-00C04F79EFBC}") = "Test-Repo", "Test-Repo\Test-Repo.csproj", "{3F4EB9A9-A1EE-41FF-A863-E959D6EFB0F8}"
EndProject
Global
	GlobalSection(SolutionConfigurationPlatforms) = preSolution
		Debug|Any CPU = Debug|Any CPU
		Release|Any CPU = Release|Any CPU
	EndGlobalSection
	GlobalSection(ProjectConfigurationPlatforms) = postSolution
		{3F4EB9A9-A1EE-41FF-A863-E959D6EFB0F8}.Debug|Any CPU.ActiveCfg = Debug|Any CPU
		{3F4EB9A9-A1EE-41FF-A863-E959D6EFB0F8}.Debug|Any CPU.Build.0 = Debug|Any CPU
		{3F4EB9A9-A1EE-41FF-A863-E959D6EFB0F8}.Release|Any CPU.ActiveCfg = Release|Any CPU
		{3F4EB9A9-A1EE-41FF-A863-E959D6EFB0F8}.Release|Any CPU.Build.0 = Release|Any CPU
	EndGlobalSection
	GlobalSection(SolutionProperties) = preSolution
		HideSolutionNode = FALSE
	EndGlobalSection
	GlobalSection(ExtensibilityGlobals) = postSolution
		SolutionGuid = {63178ECD-C28C-4E9B-9C1D-B422F23D30BA}
	EndGlobalSection
EndGlobal
